
Microsoft Visual Studio Solution File, Format Version 12.00
# Visual Studio Version 17
VisualStudioVersion = 17.4.33213.308
MinimumVisualStudioVersion = 10.0.40219.1
Project("{FAE04EC0-301F-11D3-BF4B-00C04F79EFBC}") = "PDC03_MODULE07.Android", "PDC03_MODULE07\PDC03_MODULE07.Android\PDC03_MODULE07.Android.csproj", "{A22B3E50-5382-46F8-9F34-C22D97EADD20}"
EndProject
Project("{FAE04EC0-301F-11D3-BF4B-00C04F79EFBC}") = "PDC03_MODULE07", "PDC03_MODULE07\PDC03_MODULE07\PDC03_MODULE07.csproj", "{0B69FFBB-9255-4B22-9FCD-41601D55ABE0}"
EndProject
Global
	GlobalSection(SolutionConfigurationPlatforms) = preSolution
		Debug|Any CPU = Debug|Any CPU
		Release|Any CPU = Release|Any CPU
	EndGlobalSection
	GlobalSection(ProjectConfigurationPlatforms) = postSolution
		{A22B3E50-5382-46F8-9F34-C22D97EADD20}.Debug|Any CPU.ActiveCfg = Debug|Any CPU
		{A22B3E50-5382-46F8-9F34-C22D97EADD20}.Debug|Any CPU.Build.0 = Debug|Any CPU
		{A22B3E50-5382-46F8-9F34-C22D97EADD20}.Debug|Any CPU.Deploy.0 = Debug|Any CPU
		{A22B3E50-5382-46F8-9F34-C22D97EADD20}.Release|Any CPU.ActiveCfg = Release|Any CPU
		{A22B3E50-5382-46F8-9F34-C22D97EADD20}.Release|Any CPU.Build.0 = Release|Any CPU
		{A22B3E50-5382-46F8-9F34-C22D97EADD20}.Release|Any CPU.Deploy.0 = Release|Any CPU
		{0B69FFBB-9255-4B22-9FCD-41601D55ABE0}.Debug|Any CPU.ActiveCfg = Debug|Any CPU
		{0B69FFBB-9255-4B22-9FCD-41601D55ABE0}.Debug|Any CPU.Build.0 = Debug|Any CPU
		{0B69FFBB-9255-4B22-9FCD-41601D55ABE0}.Debug|Any CPU.Deploy.0 = Debug|Any CPU
		{0B69FFBB-9255-4B22-9FCD-41601D55ABE0}.Release|Any CPU.ActiveCfg = Release|Any CPU
		{0B69FFBB-9255-4B22-9FCD-41601D55ABE0}.Release|Any CPU.Build.0 = Release|Any CPU
		{0B69FFBB-9255-4B22-9FCD-41601D55ABE0}.Release|Any CPU.Deploy.0 = Release|Any CPU
	EndGlobalSection
	GlobalSection(SolutionProperties) = preSolution
		HideSolutionNode = FALSE
	EndGlobalSection
	GlobalSection(ExtensibilityGlobals) = postSolution
		SolutionGuid = {51A63BA1-7387-43F0-961E-99B9A4930133}
	EndGlobalSection
EndGlobal
